// !$*UTF8*$!
{
	archiveVersion = 1;
	classes = {
	};
	objectVersion = 56;
	objects = {

/* Begin PBXBuildFile section */
		831191B12B000A8D007FE1FF /* FirebaseAuth in Frameworks */ = {isa = PBXBuildFile; productRef = 831191B02B000A8D007FE1FF /* FirebaseAuth */; };
		831191B32B000A8D007FE1FF /* FirebaseFirestore in Frameworks */ = {isa = PBXBuildFile; productRef = 831191B22B000A8D007FE1FF /* FirebaseFirestore */; };
		831191B52B000A8E007FE1FF /* FirebaseFirestoreSwift in Frameworks */ = {isa = PBXBuildFile; productRef = 831191B42B000A8E007FE1FF /* FirebaseFirestoreSwift */; };
		831191B72B000A8E007FE1FF /* FirebaseStorage in Frameworks */ = {isa = PBXBuildFile; productRef = 831191B62B000A8E007FE1FF /* FirebaseStorage */; };
		831191B92B000F6D007FE1FF /* Configs.swift in Sources */ = {isa = PBXBuildFile; fileRef = 831191B82B000F6D007FE1FF /* Configs.swift */; };
		831191BC2B00372C007FE1FF /* RegisterView.swift in Sources */ = {isa = PBXBuildFile; fileRef = 831191BB2B00372C007FE1FF /* RegisterView.swift */; };
		831191BE2B00376C007FE1FF /* RegisterViewController.swift in Sources */ = {isa = PBXBuildFile; fileRef = 831191BD2B00376C007FE1FF /* RegisterViewController.swift */; };
		831191C02B00380D007FE1FF /* RegisterFirebaseManager.swift in Sources */ = {isa = PBXBuildFile; fileRef = 831191BF2B00380D007FE1FF /* RegisterFirebaseManager.swift */; };
		831191C22B003A67007FE1FF /* RightBarButtonManager.swift in Sources */ = {isa = PBXBuildFile; fileRef = 831191C12B003A67007FE1FF /* RightBarButtonManager.swift */; };
		831191C62B003C2C007FE1FF /* ChatsTableViewManager.swift in Sources */ = {isa = PBXBuildFile; fileRef = 831191C52B003C2C007FE1FF /* ChatsTableViewManager.swift */; };
		831191C82B003CC6007FE1FF /* ChatsTableViewCell.swift in Sources */ = {isa = PBXBuildFile; fileRef = 831191C72B003CC6007FE1FF /* ChatsTableViewCell.swift */; };
		831191CB2B011BE8007FE1FF /* RegisterProgressIndicatorManager.swift in Sources */ = {isa = PBXBuildFile; fileRef = 831191CA2B011BE8007FE1FF /* RegisterProgressIndicatorManager.swift */; };
		831191CE2B011F2C007FE1FF /* NewChatView.swift in Sources */ = {isa = PBXBuildFile; fileRef = 831191CD2B011F2C007FE1FF /* NewChatView.swift */; };
		831191D02B011F8A007FE1FF /* NewChatViewController.swift in Sources */ = {isa = PBXBuildFile; fileRef = 831191CF2B011F8A007FE1FF /* NewChatViewController.swift */; };
		831191D22B019207007FE1FF /* Message.swift in Sources */ = {isa = PBXBuildFile; fileRef = 831191D12B019207007FE1FF /* Message.swift */; };
		831191DC2B03E22A007FE1FF /* MessageTableViewCell.swift in Sources */ = {isa = PBXBuildFile; fileRef = 831191DB2B03E22A007FE1FF /* MessageTableViewCell.swift */; };
		8355C5822B068A89003606AB /* MessageFirestoreManager.swift in Sources */ = {isa = PBXBuildFile; fileRef = 8355C5812B068A89003606AB /* MessageFirestoreManager.swift */; };
		D849DB962AFDB80400270513 /* MessageView.swift in Sources */ = {isa = PBXBuildFile; fileRef = D849DB952AFDB80400270513 /* MessageView.swift */; };
		D849DB982AFDB82500270513 /* MessageViewController.swift in Sources */ = {isa = PBXBuildFile; fileRef = D849DB972AFDB82500270513 /* MessageViewController.swift */; };
		D849DB9B2AFDB9A700270513 /* ProgressSpinnerViewController.swift in Sources */ = {isa = PBXBuildFile; fileRef = D849DB9A2AFDB9A700270513 /* ProgressSpinnerViewController.swift */; };
		D849DB9D2AFDB9D900270513 /* ProgressSpinnerDelegate.swift in Sources */ = {isa = PBXBuildFile; fileRef = D849DB9C2AFDB9D900270513 /* ProgressSpinnerDelegate.swift */; };
		D87015772B0423F200011CE3 /* LoginProgressIndicatorManager.swift in Sources */ = {isa = PBXBuildFile; fileRef = D87015762B0423F200011CE3 /* LoginProgressIndicatorManager.swift */; };
		D87015792B0425C500011CE3 /* NewChatAlerts.swift in Sources */ = {isa = PBXBuildFile; fileRef = D87015782B0425C500011CE3 /* NewChatAlerts.swift */; };
		D870157B2B047B0C00011CE3 /* Chat.swift in Sources */ = {isa = PBXBuildFile; fileRef = D870157A2B047B0C00011CE3 /* Chat.swift */; };
		D8F49E012AFC5442000F763C /* AppDelegate.swift in Sources */ = {isa = PBXBuildFile; fileRef = D8F49E002AFC5442000F763C /* AppDelegate.swift */; };
		D8F49E032AFC5442000F763C /* SceneDelegate.swift in Sources */ = {isa = PBXBuildFile; fileRef = D8F49E022AFC5442000F763C /* SceneDelegate.swift */; };
		D8F49E052AFC5442000F763C /* ViewController.swift in Sources */ = {isa = PBXBuildFile; fileRef = D8F49E042AFC5442000F763C /* ViewController.swift */; };
		D8F49E082AFC5442000F763C /* Main.storyboard in Resources */ = {isa = PBXBuildFile; fileRef = D8F49E062AFC5442000F763C /* Main.storyboard */; };
		D8F49E0A2AFC5445000F763C /* Assets.xcassets in Resources */ = {isa = PBXBuildFile; fileRef = D8F49E092AFC5445000F763C /* Assets.xcassets */; };
		D8F49E0D2AFC5445000F763C /* LaunchScreen.storyboard in Resources */ = {isa = PBXBuildFile; fileRef = D8F49E0B2AFC5445000F763C /* LaunchScreen.storyboard */; };
		D8F49E162AFC556B000F763C /* MainScreenView.swift in Sources */ = {isa = PBXBuildFile; fileRef = D8F49E152AFC556B000F763C /* MainScreenView.swift */; };
		D8F49E192AFC59D7000F763C /* GoogleService-Info.plist in Resources */ = {isa = PBXBuildFile; fileRef = D8F49E182AFC59D7000F763C /* GoogleService-Info.plist */; };
/* End PBXBuildFile section */

/* Begin PBXFileReference section */
		831191B82B000F6D007FE1FF /* Configs.swift */ = {isa = PBXFileReference; lastKnownFileType = sourcecode.swift; path = Configs.swift; sourceTree = "<group>"; };
		831191BB2B00372C007FE1FF /* RegisterView.swift */ = {isa = PBXFileReference; lastKnownFileType = sourcecode.swift; path = RegisterView.swift; sourceTree = "<group>"; };
		831191BD2B00376C007FE1FF /* RegisterViewController.swift */ = {isa = PBXFileReference; lastKnownFileType = sourcecode.swift; path = RegisterViewController.swift; sourceTree = "<group>"; };
		831191BF2B00380D007FE1FF /* RegisterFirebaseManager.swift */ = {isa = PBXFileReference; lastKnownFileType = sourcecode.swift; path = RegisterFirebaseManager.swift; sourceTree = "<group>"; };
		831191C12B003A67007FE1FF /* RightBarButtonManager.swift */ = {isa = PBXFileReference; lastKnownFileType = sourcecode.swift; path = RightBarButtonManager.swift; sourceTree = "<group>"; };
		831191C52B003C2C007FE1FF /* ChatsTableViewManager.swift */ = {isa = PBXFileReference; lastKnownFileType = sourcecode.swift; path = ChatsTableViewManager.swift; sourceTree = "<group>"; };
		831191C72B003CC6007FE1FF /* ChatsTableViewCell.swift */ = {isa = PBXFileReference; lastKnownFileType = sourcecode.swift; path = ChatsTableViewCell.swift; sourceTree = "<group>"; };
		831191CA2B011BE8007FE1FF /* RegisterProgressIndicatorManager.swift */ = {isa = PBXFileReference; lastKnownFileType = sourcecode.swift; path = RegisterProgressIndicatorManager.swift; sourceTree = "<group>"; };
		831191CD2B011F2C007FE1FF /* NewChatView.swift */ = {isa = PBXFileReference; lastKnownFileType = sourcecode.swift; path = NewChatView.swift; sourceTree = "<group>"; };
		831191CF2B011F8A007FE1FF /* NewChatViewController.swift */ = {isa = PBXFileReference; lastKnownFileType = sourcecode.swift; path = NewChatViewController.swift; sourceTree = "<group>"; };
		831191D12B019207007FE1FF /* Message.swift */ = {isa = PBXFileReference; lastKnownFileType = sourcecode.swift; path = Message.swift; sourceTree = "<group>"; };
		831191DB2B03E22A007FE1FF /* MessageTableViewCell.swift */ = {isa = PBXFileReference; lastKnownFileType = sourcecode.swift; path = MessageTableViewCell.swift; sourceTree = "<group>"; };
		8355C5812B068A89003606AB /* MessageFirestoreManager.swift */ = {isa = PBXFileReference; lastKnownFileType = sourcecode.swift; path = MessageFirestoreManager.swift; sourceTree = "<group>"; };
		D849DB952AFDB80400270513 /* MessageView.swift */ = {isa = PBXFileReference; lastKnownFileType = sourcecode.swift; path = MessageView.swift; sourceTree = "<group>"; };
		D849DB972AFDB82500270513 /* MessageViewController.swift */ = {isa = PBXFileReference; lastKnownFileType = sourcecode.swift; path = MessageViewController.swift; sourceTree = "<group>"; };
		D849DB9A2AFDB9A700270513 /* ProgressSpinnerViewController.swift */ = {isa = PBXFileReference; lastKnownFileType = sourcecode.swift; path = ProgressSpinnerViewController.swift; sourceTree = "<group>"; };
		D849DB9C2AFDB9D900270513 /* ProgressSpinnerDelegate.swift */ = {isa = PBXFileReference; lastKnownFileType = sourcecode.swift; path = ProgressSpinnerDelegate.swift; sourceTree = "<group>"; };
		D87015762B0423F200011CE3 /* LoginProgressIndicatorManager.swift */ = {isa = PBXFileReference; lastKnownFileType = sourcecode.swift; path = LoginProgressIndicatorManager.swift; sourceTree = "<group>"; };
		D87015782B0425C500011CE3 /* NewChatAlerts.swift */ = {isa = PBXFileReference; lastKnownFileType = sourcecode.swift; path = NewChatAlerts.swift; sourceTree = "<group>"; };
		D870157A2B047B0C00011CE3 /* Chat.swift */ = {isa = PBXFileReference; lastKnownFileType = sourcecode.swift; path = Chat.swift; sourceTree = "<group>"; };
		D8F49DFD2AFC5442000F763C /* Message App.app */ = {isa = PBXFileReference; explicitFileType = wrapper.application; includeInIndex = 0; path = "Message App.app"; sourceTree = BUILT_PRODUCTS_DIR; };
		D8F49E002AFC5442000F763C /* AppDelegate.swift */ = {isa = PBXFileReference; lastKnownFileType = sourcecode.swift; path = AppDelegate.swift; sourceTree = "<group>"; };
		D8F49E022AFC5442000F763C /* SceneDelegate.swift */ = {isa = PBXFileReference; lastKnownFileType = sourcecode.swift; path = SceneDelegate.swift; sourceTree = "<group>"; };
		D8F49E042AFC5442000F763C /* ViewController.swift */ = {isa = PBXFileReference; lastKnownFileType = sourcecode.swift; path = ViewController.swift; sourceTree = "<group>"; };
		D8F49E072AFC5442000F763C /* Base */ = {isa = PBXFileReference; lastKnownFileType = file.storyboard; name = Base; path = Base.lproj/Main.storyboard; sourceTree = "<group>"; };
		D8F49E092AFC5445000F763C /* Assets.xcassets */ = {isa = PBXFileReference; lastKnownFileType = folder.assetcatalog; path = Assets.xcassets; sourceTree = "<group>"; };
		D8F49E0C2AFC5445000F763C /* Base */ = {isa = PBXFileReference; lastKnownFileType = file.storyboard; name = Base; path = Base.lproj/LaunchScreen.storyboard; sourceTree = "<group>"; };
		D8F49E0E2AFC5445000F763C /* Info.plist */ = {isa = PBXFileReference; lastKnownFileType = text.plist.xml; path = Info.plist; sourceTree = "<group>"; };
		D8F49E152AFC556B000F763C /* MainScreenView.swift */ = {isa = PBXFileReference; lastKnownFileType = sourcecode.swift; path = MainScreenView.swift; sourceTree = "<group>"; };
		D8F49E182AFC59D7000F763C /* GoogleService-Info.plist */ = {isa = PBXFileReference; fileEncoding = 4; lastKnownFileType = text.plist.xml; path = "GoogleService-Info.plist"; sourceTree = "<group>"; };
/* End PBXFileReference section */

/* Begin PBXFrameworksBuildPhase section */
		D8F49DFA2AFC5442000F763C /* Frameworks */ = {
			isa = PBXFrameworksBuildPhase;
			buildActionMask = 2147483647;
			files = (
				831191B12B000A8D007FE1FF /* FirebaseAuth in Frameworks */,
				831191B72B000A8E007FE1FF /* FirebaseStorage in Frameworks */,
				831191B32B000A8D007FE1FF /* FirebaseFirestore in Frameworks */,
				831191B52B000A8E007FE1FF /* FirebaseFirestoreSwift in Frameworks */,
			);
			runOnlyForDeploymentPostprocessing = 0;
		};
/* End PBXFrameworksBuildPhase section */

/* Begin PBXGroup section */
		831191BA2B003709007FE1FF /* Register Screen */ = {
			isa = PBXGroup;
			children = (
				831191BB2B00372C007FE1FF /* RegisterView.swift */,
				831191BD2B00376C007FE1FF /* RegisterViewController.swift */,
				831191BF2B00380D007FE1FF /* RegisterFirebaseManager.swift */,
				831191CA2B011BE8007FE1FF /* RegisterProgressIndicatorManager.swift */,
			);
			path = "Register Screen";
			sourceTree = "<group>";
		};
		831191CC2B011F05007FE1FF /* New Chat Screen */ = {
			isa = PBXGroup;
			children = (
				831191CD2B011F2C007FE1FF /* NewChatView.swift */,
				831191CF2B011F8A007FE1FF /* NewChatViewController.swift */,
				D87015782B0425C500011CE3 /* NewChatAlerts.swift */,
			);
			path = "New Chat Screen";
			sourceTree = "<group>";
		};
		8389F50F2B03FD8600B16853 /* Views */ = {
			isa = PBXGroup;
			children = (
				D849DB952AFDB80400270513 /* MessageView.swift */,
				831191DB2B03E22A007FE1FF /* MessageTableViewCell.swift */,
			);
			path = Views;
			sourceTree = "<group>";
		};
		D849DB942AFDA94700270513 /* Data Models */ = {
			isa = PBXGroup;
			children = (
				831191D12B019207007FE1FF /* Message.swift */,
				D870157A2B047B0C00011CE3 /* Chat.swift */,
			);
			path = "Data Models";
			sourceTree = "<group>";
		};
		D849DB992AFDB82A00270513 /* Messages Screen */ = {
			isa = PBXGroup;
			children = (
				8389F50F2B03FD8600B16853 /* Views */,
				D849DB972AFDB82500270513 /* MessageViewController.swift */,
				8355C5812B068A89003606AB /* MessageFirestoreManager.swift */,
			);
			path = "Messages Screen";
			sourceTree = "<group>";
		};
		D849DB9E2AFDB9E800270513 /* Progress Indicator */ = {
			isa = PBXGroup;
			children = (
				D849DB9A2AFDB9A700270513 /* ProgressSpinnerViewController.swift */,
				D849DB9C2AFDB9D900270513 /* ProgressSpinnerDelegate.swift */,
			);
			path = "Progress Indicator";
			sourceTree = "<group>";
		};
		D8F49DF42AFC5442000F763C = {
			isa = PBXGroup;
			children = (
				D8F49DFF2AFC5442000F763C /* Message App */,
				D8F49DFE2AFC5442000F763C /* Products */,
			);
			sourceTree = "<group>";
		};
		D8F49DFE2AFC5442000F763C /* Products */ = {
			isa = PBXGroup;
			children = (
				D8F49DFD2AFC5442000F763C /* Message App.app */,
			);
			name = Products;
			sourceTree = "<group>";
		};
		D8F49DFF2AFC5442000F763C /* Message App */ = {
			isa = PBXGroup;
			children = (
				831191CC2B011F05007FE1FF /* New Chat Screen */,
				831191BA2B003709007FE1FF /* Register Screen */,
				831191B82B000F6D007FE1FF /* Configs.swift */,
				D8F49E002AFC5442000F763C /* AppDelegate.swift */,
				D8F49E022AFC5442000F763C /* SceneDelegate.swift */,
				D849DB9E2AFDB9E800270513 /* Progress Indicator */,
				D8F49E142AFC5553000F763C /* Main Screen */,
				D849DB992AFDB82A00270513 /* Messages Screen */,
				D849DB942AFDA94700270513 /* Data Models */,
				D8F49E062AFC5442000F763C /* Main.storyboard */,
				D8F49E0B2AFC5445000F763C /* LaunchScreen.storyboard */,
				D8F49E092AFC5445000F763C /* Assets.xcassets */,
				D8F49E0E2AFC5445000F763C /* Info.plist */,
				D8F49E182AFC59D7000F763C /* GoogleService-Info.plist */,
			);
			path = "Message App";
			sourceTree = "<group>";
		};
		D8F49E142AFC5553000F763C /* Main Screen */ = {
			isa = PBXGroup;
			children = (
				D8F49E172AFC557B000F763C /* Views */,
				D8F49E042AFC5442000F763C /* ViewController.swift */,
				831191C12B003A67007FE1FF /* RightBarButtonManager.swift */,
				831191C52B003C2C007FE1FF /* ChatsTableViewManager.swift */,
				D87015762B0423F200011CE3 /* LoginProgressIndicatorManager.swift */,
			);
			path = "Main Screen";
			sourceTree = "<group>";
		};
		D8F49E172AFC557B000F763C /* Views */ = {
			isa = PBXGroup;
			children = (
				D8F49E152AFC556B000F763C /* MainScreenView.swift */,
				831191C72B003CC6007FE1FF /* ChatsTableViewCell.swift */,
			);
			path = Views;
			sourceTree = "<group>";
		};
/* End PBXGroup section */

/* Begin PBXNativeTarget section */
		D8F49DFC2AFC5442000F763C /* Message App */ = {
			isa = PBXNativeTarget;
			buildConfigurationList = D8F49E112AFC5445000F763C /* Build configuration list for PBXNativeTarget "Message App" */;
			buildPhases = (
				D8F49DF92AFC5442000F763C /* Sources */,
				D8F49DFA2AFC5442000F763C /* Frameworks */,
				D8F49DFB2AFC5442000F763C /* Resources */,
			);
			buildRules = (
			);
			dependencies = (
			);
			name = "Message App";
			packageProductDependencies = (
				831191B02B000A8D007FE1FF /* FirebaseAuth */,
				831191B22B000A8D007FE1FF /* FirebaseFirestore */,
				831191B42B000A8E007FE1FF /* FirebaseFirestoreSwift */,
				831191B62B000A8E007FE1FF /* FirebaseStorage */,
			);
			productName = "Message App";
			productReference = D8F49DFD2AFC5442000F763C /* Message App.app */;
			productType = "com.apple.product-type.application";
		};
/* End PBXNativeTarget section */

/* Begin PBXProject section */
		D8F49DF52AFC5442000F763C /* Project object */ = {
			isa = PBXProject;
			attributes = {
				BuildIndependentTargetsInParallel = 1;
				LastSwiftUpdateCheck = 1500;
				LastUpgradeCheck = 1500;
				TargetAttributes = {
					D8F49DFC2AFC5442000F763C = {
						CreatedOnToolsVersion = 15.0.1;
					};
				};
			};
			buildConfigurationList = D8F49DF82AFC5442000F763C /* Build configuration list for PBXProject "Message App" */;
			compatibilityVersion = "Xcode 14.0";
			developmentRegion = en;
			hasScannedForEncodings = 0;
			knownRegions = (
				en,
				Base,
			);
			mainGroup = D8F49DF42AFC5442000F763C;
			packageReferences = (
				831191AF2B000A8D007FE1FF /* XCRemoteSwiftPackageReference "firebase-ios-sdk" */,
			);
			productRefGroup = D8F49DFE2AFC5442000F763C /* Products */;
			projectDirPath = "";
			projectRoot = "";
			targets = (
				D8F49DFC2AFC5442000F763C /* Message App */,
			);
		};
/* End PBXProject section */

/* Begin PBXResourcesBuildPhase section */
		D8F49DFB2AFC5442000F763C /* Resources */ = {
			isa = PBXResourcesBuildPhase;
			buildActionMask = 2147483647;
			files = (
				D8F49E0D2AFC5445000F763C /* LaunchScreen.storyboard in Resources */,
				D8F49E192AFC59D7000F763C /* GoogleService-Info.plist in Resources */,
				D8F49E0A2AFC5445000F763C /* Assets.xcassets in Resources */,
				D8F49E082AFC5442000F763C /* Main.storyboard in Resources */,
			);
			runOnlyForDeploymentPostprocessing = 0;
		};
/* End PBXResourcesBuildPhase section */

/* Begin PBXSourcesBuildPhase section */
		D8F49DF92AFC5442000F763C /* Sources */ = {
			isa = PBXSourcesBuildPhase;
			buildActionMask = 2147483647;
			files = (
				831191C22B003A67007FE1FF /* RightBarButtonManager.swift in Sources */,
				831191BC2B00372C007FE1FF /* RegisterView.swift in Sources */,
				D87015792B0425C500011CE3 /* NewChatAlerts.swift in Sources */,
				8355C5822B068A89003606AB /* MessageFirestoreManager.swift in Sources */,
				D849DB982AFDB82500270513 /* MessageViewController.swift in Sources */,
				831191C02B00380D007FE1FF /* RegisterFirebaseManager.swift in Sources */,
				831191C62B003C2C007FE1FF /* ChatsTableViewManager.swift in Sources */,
				D849DB9B2AFDB9A700270513 /* ProgressSpinnerViewController.swift in Sources */,
				D8F49E052AFC5442000F763C /* ViewController.swift in Sources */,
				831191B92B000F6D007FE1FF /* Configs.swift in Sources */,
				831191D02B011F8A007FE1FF /* NewChatViewController.swift in Sources */,
				D849DB962AFDB80400270513 /* MessageView.swift in Sources */,
				D8F49E012AFC5442000F763C /* AppDelegate.swift in Sources */,
				831191BE2B00376C007FE1FF /* RegisterViewController.swift in Sources */,
				D870157B2B047B0C00011CE3 /* Chat.swift in Sources */,
				D8F49E032AFC5442000F763C /* SceneDelegate.swift in Sources */,
				D87015772B0423F200011CE3 /* LoginProgressIndicatorManager.swift in Sources */,
				831191CB2B011BE8007FE1FF /* RegisterProgressIndicatorManager.swift in Sources */,
				831191D22B019207007FE1FF /* Message.swift in Sources */,
				831191DC2B03E22A007FE1FF /* MessageTableViewCell.swift in Sources */,
				831191CE2B011F2C007FE1FF /* NewChatView.swift in Sources */,
				831191C82B003CC6007FE1FF /* ChatsTableViewCell.swift in Sources */,
				D849DB9D2AFDB9D900270513 /* ProgressSpinnerDelegate.swift in Sources */,
				D8F49E162AFC556B000F763C /* MainScreenView.swift in Sources */,
			);
			runOnlyForDeploymentPostprocessing = 0;
		};
/* End PBXSourcesBuildPhase section */

/* Begin PBXVariantGroup section */
		D8F49E062AFC5442000F763C /* Main.storyboard */ = {
			isa = PBXVariantGroup;
			children = (
				D8F49E072AFC5442000F763C /* Base */,
			);
			name = Main.storyboard;
			sourceTree = "<group>";
		};
		D8F49E0B2AFC5445000F763C /* LaunchScreen.storyboard */ = {
			isa = PBXVariantGroup;
			children = (
				D8F49E0C2AFC5445000F763C /* Base */,
			);
			name = LaunchScreen.storyboard;
			sourceTree = "<group>";
		};
/* End PBXVariantGroup section */

/* Begin XCBuildConfiguration section */
		D8F49E0F2AFC5445000F763C /* Debug */ = {
			isa = XCBuildConfiguration;
			buildSettings = {
				ALWAYS_SEARCH_USER_PATHS = NO;
				ASSETCATALOG_COMPILER_GENERATE_SWIFT_ASSET_SYMBOL_EXTENSIONS = YES;
				CLANG_ANALYZER_NONNULL = YES;
				CLANG_ANALYZER_NUMBER_OBJECT_CONVERSION = YES_AGGRESSIVE;
				CLANG_CXX_LANGUAGE_STANDARD = "gnu++20";
				CLANG_ENABLE_MODULES = YES;
				CLANG_ENABLE_OBJC_ARC = YES;
				CLANG_ENABLE_OBJC_WEAK = YES;
				CLANG_WARN_BLOCK_CAPTURE_AUTORELEASING = YES;
				CLANG_WARN_BOOL_CONVERSION = YES;
				CLANG_WARN_COMMA = YES;
				CLANG_WARN_CONSTANT_CONVERSION = YES;
				CLANG_WARN_DEPRECATED_OBJC_IMPLEMENTATIONS = YES;
				CLANG_WARN_DIRECT_OBJC_ISA_USAGE = YES_ERROR;
				CLANG_WARN_DOCUMENTATION_COMMENTS = YES;
				CLANG_WARN_EMPTY_BODY = YES;
				CLANG_WARN_ENUM_CONVERSION = YES;
				CLANG_WARN_INFINITE_RECURSION = YES;
				CLANG_WARN_INT_CONVERSION = YES;
				CLANG_WARN_NON_LITERAL_NULL_CONVERSION = YES;
				CLANG_WARN_OBJC_IMPLICIT_RETAIN_SELF = YES;
				CLANG_WARN_OBJC_LITERAL_CONVERSION = YES;
				CLANG_WARN_OBJC_ROOT_CLASS = YES_ERROR;
				CLANG_WARN_QUOTED_INCLUDE_IN_FRAMEWORK_HEADER = YES;
				CLANG_WARN_RANGE_LOOP_ANALYSIS = YES;
				CLANG_WARN_STRICT_PROTOTYPES = YES;
				CLANG_WARN_SUSPICIOUS_MOVE = YES;
				CLANG_WARN_UNGUARDED_AVAILABILITY = YES_AGGRESSIVE;
				CLANG_WARN_UNREACHABLE_CODE = YES;
				CLANG_WARN__DUPLICATE_METHOD_MATCH = YES;
				COPY_PHASE_STRIP = NO;
				DEBUG_INFORMATION_FORMAT = dwarf;
				ENABLE_STRICT_OBJC_MSGSEND = YES;
				ENABLE_TESTABILITY = YES;
				ENABLE_USER_SCRIPT_SANDBOXING = YES;
				GCC_C_LANGUAGE_STANDARD = gnu17;
				GCC_DYNAMIC_NO_PIC = NO;
				GCC_NO_COMMON_BLOCKS = YES;
				GCC_OPTIMIZATION_LEVEL = 0;
				GCC_PREPROCESSOR_DEFINITIONS = (
					"DEBUG=1",
					"$(inherited)",
				);
				GCC_WARN_64_TO_32_BIT_CONVERSION = YES;
				GCC_WARN_ABOUT_RETURN_TYPE = YES_ERROR;
				GCC_WARN_UNDECLARED_SELECTOR = YES;
				GCC_WARN_UNINITIALIZED_AUTOS = YES_AGGRESSIVE;
				GCC_WARN_UNUSED_FUNCTION = YES;
				GCC_WARN_UNUSED_VARIABLE = YES;
				IPHONEOS_DEPLOYMENT_TARGET = 17.0;
				LOCALIZATION_PREFERS_STRING_CATALOGS = YES;
				MTL_ENABLE_DEBUG_INFO = INCLUDE_SOURCE;
				MTL_FAST_MATH = YES;
				ONLY_ACTIVE_ARCH = YES;
				SDKROOT = iphoneos;
				SWIFT_ACTIVE_COMPILATION_CONDITIONS = "DEBUG $(inherited)";
				SWIFT_OPTIMIZATION_LEVEL = "-Onone";
			};
			name = Debug;
		};
		D8F49E102AFC5445000F763C /* Release */ = {
			isa = XCBuildConfiguration;
			buildSettings = {
				ALWAYS_SEARCH_USER_PATHS = NO;
				ASSETCATALOG_COMPILER_GENERATE_SWIFT_ASSET_SYMBOL_EXTENSIONS = YES;
				CLANG_ANALYZER_NONNULL = YES;
				CLANG_ANALYZER_NUMBER_OBJECT_CONVERSION = YES_AGGRESSIVE;
				CLANG_CXX_LANGUAGE_STANDARD = "gnu++20";
				CLANG_ENABLE_MODULES = YES;
				CLANG_ENABLE_OBJC_ARC = YES;
				CLANG_ENABLE_OBJC_WEAK = YES;
				CLANG_WARN_BLOCK_CAPTURE_AUTORELEASING = YES;
				CLANG_WARN_BOOL_CONVERSION = YES;
				CLANG_WARN_COMMA = YES;
				CLANG_WARN_CONSTANT_CONVERSION = YES;
				CLANG_WARN_DEPRECATED_OBJC_IMPLEMENTATIONS = YES;
				CLANG_WARN_DIRECT_OBJC_ISA_USAGE = YES_ERROR;
				CLANG_WARN_DOCUMENTATION_COMMENTS = YES;
				CLANG_WARN_EMPTY_BODY = YES;
				CLANG_WARN_ENUM_CONVERSION = YES;
				CLANG_WARN_INFINITE_RECURSION = YES;
				CLANG_WARN_INT_CONVERSION = YES;
				CLANG_WARN_NON_LITERAL_NULL_CONVERSION = YES;
				CLANG_WARN_OBJC_IMPLICIT_RETAIN_SELF = YES;
				CLANG_WARN_OBJC_LITERAL_CONVERSION = YES;
				CLANG_WARN_OBJC_ROOT_CLASS = YES_ERROR;
				CLANG_WARN_QUOTED_INCLUDE_IN_FRAMEWORK_HEADER = YES;
				CLANG_WARN_RANGE_LOOP_ANALYSIS = YES;
				CLANG_WARN_STRICT_PROTOTYPES = YES;
				CLANG_WARN_SUSPICIOUS_MOVE = YES;
				CLANG_WARN_UNGUARDED_AVAILABILITY = YES_AGGRESSIVE;
				CLANG_WARN_UNREACHABLE_CODE = YES;
				CLANG_WARN__DUPLICATE_METHOD_MATCH = YES;
				COPY_PHASE_STRIP = NO;
				DEBUG_INFORMATION_FORMAT = "dwarf-with-dsym";
				ENABLE_NS_ASSERTIONS = NO;
				ENABLE_STRICT_OBJC_MSGSEND = YES;
				ENABLE_USER_SCRIPT_SANDBOXING = YES;
				GCC_C_LANGUAGE_STANDARD = gnu17;
				GCC_NO_COMMON_BLOCKS = YES;
				GCC_WARN_64_TO_32_BIT_CONVERSION = YES;
				GCC_WARN_ABOUT_RETURN_TYPE = YES_ERROR;
				GCC_WARN_UNDECLARED_SELECTOR = YES;
				GCC_WARN_UNINITIALIZED_AUTOS = YES_AGGRESSIVE;
				GCC_WARN_UNUSED_FUNCTION = YES;
				GCC_WARN_UNUSED_VARIABLE = YES;
				IPHONEOS_DEPLOYMENT_TARGET = 17.0;
				LOCALIZATION_PREFERS_STRING_CATALOGS = YES;
				MTL_ENABLE_DEBUG_INFO = NO;
				MTL_FAST_MATH = YES;
				SDKROOT = iphoneos;
				SWIFT_COMPILATION_MODE = wholemodule;
				VALIDATE_PRODUCT = YES;
			};
			name = Release;
		};
		D8F49E122AFC5445000F763C /* Debug */ = {
			isa = XCBuildConfiguration;
			buildSettings = {
				ASSETCATALOG_COMPILER_APPICON_NAME = AppIcon;
				ASSETCATALOG_COMPILER_GLOBAL_ACCENT_COLOR_NAME = AccentColor;
				CODE_SIGN_STYLE = Automatic;
				CURRENT_PROJECT_VERSION = 1;
				DEVELOPMENT_TEAM = 83B7VGLYTJ;
				GENERATE_INFOPLIST_FILE = YES;
				INFOPLIST_FILE = "Message App/Info.plist";
				INFOPLIST_KEY_UIApplicationSupportsIndirectInputEvents = YES;
				INFOPLIST_KEY_UILaunchStoryboardName = LaunchScreen;
				INFOPLIST_KEY_UIMainStoryboardFile = Main;
				INFOPLIST_KEY_UISupportedInterfaceOrientations_iPad = "UIInterfaceOrientationPortrait UIInterfaceOrientationPortraitUpsideDown UIInterfaceOrientationLandscapeLeft UIInterfaceOrientationLandscapeRight";
				INFOPLIST_KEY_UISupportedInterfaceOrientations_iPhone = "UIInterfaceOrientationPortrait UIInterfaceOrientationLandscapeLeft UIInterfaceOrientationLandscapeRight";
				IPHONEOS_DEPLOYMENT_TARGET = 16.4;
				LD_RUNPATH_SEARCH_PATHS = (
					"$(inherited)",
					"@executable_path/Frameworks",
				);
				MARKETING_VERSION = 1.0;
				PRODUCT_BUNDLE_IDENTIFIER = "com.nuios.Message-App";
				PRODUCT_NAME = "$(TARGET_NAME)";
				SWIFT_EMIT_LOC_STRINGS = YES;
				SWIFT_VERSION = 5.0;
				TARGETED_DEVICE_FAMILY = "1,2";
			};
			name = Debug;
		};
		D8F49E132AFC5445000F763C /* Release */ = {
			isa = XCBuildConfiguration;
			buildSettings = {
				ASSETCATALOG_COMPILER_APPICON_NAME = AppIcon;
				ASSETCATALOG_COMPILER_GLOBAL_ACCENT_COLOR_NAME = AccentColor;
				CODE_SIGN_STYLE = Automatic;
				CURRENT_PROJECT_VERSION = 1;
				DEVELOPMENT_TEAM = 83B7VGLYTJ;
				GENERATE_INFOPLIST_FILE = YES;
				INFOPLIST_FILE = "Message App/Info.plist";
				INFOPLIST_KEY_UIApplicationSupportsIndirectInputEvents = YES;
				INFOPLIST_KEY_UILaunchStoryboardName = LaunchScreen;
				INFOPLIST_KEY_UIMainStoryboardFile = Main;
				INFOPLIST_KEY_UISupportedInterfaceOrientations_iPad = "UIInterfaceOrientationPortrait UIInterfaceOrientationPortraitUpsideDown UIInterfaceOrientationLandscapeLeft UIInterfaceOrientationLandscapeRight";
				INFOPLIST_KEY_UISupportedInterfaceOrientations_iPhone = "UIInterfaceOrientationPortrait UIInterfaceOrientationLandscapeLeft UIInterfaceOrientationLandscapeRight";
				IPHONEOS_DEPLOYMENT_TARGET = 16.4;
				LD_RUNPATH_SEARCH_PATHS = (
					"$(inherited)",
					"@executable_path/Frameworks",
				);
				MARKETING_VERSION = 1.0;
				PRODUCT_BUNDLE_IDENTIFIER = "com.nuios.Message-App";
				PRODUCT_NAME = "$(TARGET_NAME)";
				SWIFT_EMIT_LOC_STRINGS = YES;
				SWIFT_VERSION = 5.0;
				TARGETED_DEVICE_FAMILY = "1,2";
			};
			name = Release;
		};
/* End XCBuildConfiguration section */

/* Begin XCConfigurationList section */
		D8F49DF82AFC5442000F763C /* Build configuration list for PBXProject "Message App" */ = {
			isa = XCConfigurationList;
			buildConfigurations = (
				D8F49E0F2AFC5445000F763C /* Debug */,
				D8F49E102AFC5445000F763C /* Release */,
			);
			defaultConfigurationIsVisible = 0;
			defaultConfigurationName = Release;
		};
		D8F49E112AFC5445000F763C /* Build configuration list for PBXNativeTarget "Message App" */ = {
			isa = XCConfigurationList;
			buildConfigurations = (
				D8F49E122AFC5445000F763C /* Debug */,
				D8F49E132AFC5445000F763C /* Release */,
			);
			defaultConfigurationIsVisible = 0;
			defaultConfigurationName = Release;
		};
/* End XCConfigurationList section */

/* Begin XCRemoteSwiftPackageReference section */
		831191AF2B000A8D007FE1FF /* XCRemoteSwiftPackageReference "firebase-ios-sdk" */ = {
			isa = XCRemoteSwiftPackageReference;
			repositoryURL = "https://github.com/firebase/firebase-ios-sdk.git";
			requirement = {
				kind = upToNextMajorVersion;
				minimumVersion = 10.0.0;
			};
		};
/* End XCRemoteSwiftPackageReference section */

/* Begin XCSwiftPackageProductDependency section */
		831191B02B000A8D007FE1FF /* FirebaseAuth */ = {
			isa = XCSwiftPackageProductDependency;
			package = 831191AF2B000A8D007FE1FF /* XCRemoteSwiftPackageReference "firebase-ios-sdk" */;
			productName = FirebaseAuth;
		};
		831191B22B000A8D007FE1FF /* FirebaseFirestore */ = {
			isa = XCSwiftPackageProductDependency;
			package = 831191AF2B000A8D007FE1FF /* XCRemoteSwiftPackageReference "firebase-ios-sdk" */;
			productName = FirebaseFirestore;
		};
		831191B42B000A8E007FE1FF /* FirebaseFirestoreSwift */ = {
			isa = XCSwiftPackageProductDependency;
			package = 831191AF2B000A8D007FE1FF /* XCRemoteSwiftPackageReference "firebase-ios-sdk" */;
			productName = FirebaseFirestoreSwift;
		};
		831191B62B000A8E007FE1FF /* FirebaseStorage */ = {
			isa = XCSwiftPackageProductDependency;
			package = 831191AF2B000A8D007FE1FF /* XCRemoteSwiftPackageReference "firebase-ios-sdk" */;
			productName = FirebaseStorage;
		};
/* End XCSwiftPackageProductDependency section */
	};
	rootObject = D8F49DF52AFC5442000F763C /* Project object */;
}
