// !$*UTF8*$!
{
	archiveVersion = 1;
	classes = {
	};
	objectVersion = 56;
	objects = {

/* Begin PBXBuildFile section */
		50EFA1C22AFDD16A001625A6 /* CreateAccountViewController.swift in Sources */ = {isa = PBXBuildFile; fileRef = 50EFA1C12AFDD169001625A6 /* CreateAccountViewController.swift */; };
		50EFA1C42AFDD17F001625A6 /* CreateAccountScreenView.swift in Sources */ = {isa = PBXBuildFile; fileRef = 50EFA1C32AFDD17F001625A6 /* CreateAccountScreenView.swift */; };
		D849DB932AFDA94100270513 /* User.swift in Sources */ = {isa = PBXBuildFile; fileRef = D849DB922AFDA94100270513 /* User.swift */; };
		D849DB962AFDB80400270513 /* ChatView.swift in Sources */ = {isa = PBXBuildFile; fileRef = D849DB952AFDB80400270513 /* ChatView.swift */; };
		D849DB982AFDB82500270513 /* ChatViewController.swift in Sources */ = {isa = PBXBuildFile; fileRef = D849DB972AFDB82500270513 /* ChatViewController.swift */; };
		D849DB9B2AFDB9A700270513 /* ProgressSpinnerViewController.swift in Sources */ = {isa = PBXBuildFile; fileRef = D849DB9A2AFDB9A700270513 /* ProgressSpinnerViewController.swift */; };
		D849DB9D2AFDB9D900270513 /* ProgressSpinnerDelegate.swift in Sources */ = {isa = PBXBuildFile; fileRef = D849DB9C2AFDB9D900270513 /* ProgressSpinnerDelegate.swift */; };
		D8F49E012AFC5442000F763C /* AppDelegate.swift in Sources */ = {isa = PBXBuildFile; fileRef = D8F49E002AFC5442000F763C /* AppDelegate.swift */; };
		D8F49E032AFC5442000F763C /* SceneDelegate.swift in Sources */ = {isa = PBXBuildFile; fileRef = D8F49E022AFC5442000F763C /* SceneDelegate.swift */; };
		D8F49E052AFC5442000F763C /* ViewController.swift in Sources */ = {isa = PBXBuildFile; fileRef = D8F49E042AFC5442000F763C /* ViewController.swift */; };
		D8F49E082AFC5442000F763C /* Main.storyboard in Resources */ = {isa = PBXBuildFile; fileRef = D8F49E062AFC5442000F763C /* Main.storyboard */; };
		D8F49E0A2AFC5445000F763C /* Assets.xcassets in Resources */ = {isa = PBXBuildFile; fileRef = D8F49E092AFC5445000F763C /* Assets.xcassets */; };
		D8F49E0D2AFC5445000F763C /* LaunchScreen.storyboard in Resources */ = {isa = PBXBuildFile; fileRef = D8F49E0B2AFC5445000F763C /* LaunchScreen.storyboard */; };
		D8F49E162AFC556B000F763C /* MainScreenView.swift in Sources */ = {isa = PBXBuildFile; fileRef = D8F49E152AFC556B000F763C /* MainScreenView.swift */; };
		D8F49E192AFC59D7000F763C /* GoogleService-Info.plist in Resources */ = {isa = PBXBuildFile; fileRef = D8F49E182AFC59D7000F763C /* GoogleService-Info.plist */; };
		D8F49E1C2AFC6459000F763C /* FirebaseAnalytics in Frameworks */ = {isa = PBXBuildFile; productRef = D8F49E1B2AFC6459000F763C /* FirebaseAnalytics */; };
		D8F49E1E2AFC6459000F763C /* FirebaseAnalyticsOnDeviceConversion in Frameworks */ = {isa = PBXBuildFile; productRef = D8F49E1D2AFC6459000F763C /* FirebaseAnalyticsOnDeviceConversion */; };
		D8F49E202AFC6459000F763C /* FirebaseAnalyticsSwift in Frameworks */ = {isa = PBXBuildFile; productRef = D8F49E1F2AFC6459000F763C /* FirebaseAnalyticsSwift */; };
		D8F49E222AFC6459000F763C /* FirebaseAnalyticsWithoutAdIdSupport in Frameworks */ = {isa = PBXBuildFile; productRef = D8F49E212AFC6459000F763C /* FirebaseAnalyticsWithoutAdIdSupport */; };
		D8F49E242AFC6459000F763C /* FirebaseAppCheck in Frameworks */ = {isa = PBXBuildFile; productRef = D8F49E232AFC6459000F763C /* FirebaseAppCheck */; };
		D8F49E262AFC6459000F763C /* FirebaseAppDistribution-Beta in Frameworks */ = {isa = PBXBuildFile; productRef = D8F49E252AFC6459000F763C /* FirebaseAppDistribution-Beta */; };
		D8F49E282AFC6459000F763C /* FirebaseAuth in Frameworks */ = {isa = PBXBuildFile; productRef = D8F49E272AFC6459000F763C /* FirebaseAuth */; };
		D8F49E2A2AFC6459000F763C /* FirebaseAuthCombine-Community in Frameworks */ = {isa = PBXBuildFile; productRef = D8F49E292AFC6459000F763C /* FirebaseAuthCombine-Community */; };
		D8F49E2C2AFC6459000F763C /* FirebaseCrashlytics in Frameworks */ = {isa = PBXBuildFile; productRef = D8F49E2B2AFC6459000F763C /* FirebaseCrashlytics */; };
		D8F49E2E2AFC6459000F763C /* FirebaseDatabase in Frameworks */ = {isa = PBXBuildFile; productRef = D8F49E2D2AFC6459000F763C /* FirebaseDatabase */; };
		D8F49E302AFC6459000F763C /* FirebaseDatabaseSwift in Frameworks */ = {isa = PBXBuildFile; productRef = D8F49E2F2AFC6459000F763C /* FirebaseDatabaseSwift */; };
		D8F49E322AFC6459000F763C /* FirebaseDynamicLinks in Frameworks */ = {isa = PBXBuildFile; productRef = D8F49E312AFC6459000F763C /* FirebaseDynamicLinks */; };
		D8F49E342AFC6459000F763C /* FirebaseFirestore in Frameworks */ = {isa = PBXBuildFile; productRef = D8F49E332AFC6459000F763C /* FirebaseFirestore */; };
		D8F49E362AFC6459000F763C /* FirebaseFirestoreCombine-Community in Frameworks */ = {isa = PBXBuildFile; productRef = D8F49E352AFC6459000F763C /* FirebaseFirestoreCombine-Community */; };
		D8F49E382AFC6459000F763C /* FirebaseFirestoreSwift in Frameworks */ = {isa = PBXBuildFile; productRef = D8F49E372AFC6459000F763C /* FirebaseFirestoreSwift */; };
		D8F49E3A2AFC6459000F763C /* FirebaseFunctions in Frameworks */ = {isa = PBXBuildFile; productRef = D8F49E392AFC6459000F763C /* FirebaseFunctions */; };
		D8F49E3C2AFC6459000F763C /* FirebaseFunctionsCombine-Community in Frameworks */ = {isa = PBXBuildFile; productRef = D8F49E3B2AFC6459000F763C /* FirebaseFunctionsCombine-Community */; };
		D8F49E3E2AFC6459000F763C /* FirebaseInAppMessaging-Beta in Frameworks */ = {isa = PBXBuildFile; productRef = D8F49E3D2AFC6459000F763C /* FirebaseInAppMessaging-Beta */; };
		D8F49E402AFC6459000F763C /* FirebaseInAppMessagingSwift-Beta in Frameworks */ = {isa = PBXBuildFile; productRef = D8F49E3F2AFC6459000F763C /* FirebaseInAppMessagingSwift-Beta */; };
		D8F49E422AFC6459000F763C /* FirebaseInstallations in Frameworks */ = {isa = PBXBuildFile; productRef = D8F49E412AFC6459000F763C /* FirebaseInstallations */; };
		D8F49E442AFC6459000F763C /* FirebaseMLModelDownloader in Frameworks */ = {isa = PBXBuildFile; productRef = D8F49E432AFC6459000F763C /* FirebaseMLModelDownloader */; };
		D8F49E462AFC6459000F763C /* FirebaseMessaging in Frameworks */ = {isa = PBXBuildFile; productRef = D8F49E452AFC6459000F763C /* FirebaseMessaging */; };
		D8F49E482AFC6459000F763C /* FirebasePerformance in Frameworks */ = {isa = PBXBuildFile; productRef = D8F49E472AFC6459000F763C /* FirebasePerformance */; };
		D8F49E4A2AFC6459000F763C /* FirebaseRemoteConfig in Frameworks */ = {isa = PBXBuildFile; productRef = D8F49E492AFC6459000F763C /* FirebaseRemoteConfig */; };
		D8F49E4C2AFC6459000F763C /* FirebaseRemoteConfigSwift in Frameworks */ = {isa = PBXBuildFile; productRef = D8F49E4B2AFC6459000F763C /* FirebaseRemoteConfigSwift */; };
		D8F49E4E2AFC6459000F763C /* FirebaseStorage in Frameworks */ = {isa = PBXBuildFile; productRef = D8F49E4D2AFC6459000F763C /* FirebaseStorage */; };
		D8F49E502AFC6459000F763C /* FirebaseStorageCombine-Community in Frameworks */ = {isa = PBXBuildFile; productRef = D8F49E4F2AFC6459000F763C /* FirebaseStorageCombine-Community */; };
/* End PBXBuildFile section */

/* Begin PBXFileReference section */
		50EFA1C12AFDD169001625A6 /* CreateAccountViewController.swift */ = {isa = PBXFileReference; lastKnownFileType = sourcecode.swift; path = CreateAccountViewController.swift; sourceTree = "<group>"; };
		50EFA1C32AFDD17F001625A6 /* CreateAccountScreenView.swift */ = {isa = PBXFileReference; lastKnownFileType = sourcecode.swift; path = CreateAccountScreenView.swift; sourceTree = "<group>"; };
		D849DB922AFDA94100270513 /* User.swift */ = {isa = PBXFileReference; lastKnownFileType = sourcecode.swift; path = User.swift; sourceTree = "<group>"; };
		D849DB952AFDB80400270513 /* ChatView.swift */ = {isa = PBXFileReference; lastKnownFileType = sourcecode.swift; path = ChatView.swift; sourceTree = "<group>"; };
		D849DB972AFDB82500270513 /* ChatViewController.swift */ = {isa = PBXFileReference; lastKnownFileType = sourcecode.swift; path = ChatViewController.swift; sourceTree = "<group>"; };
		D849DB9A2AFDB9A700270513 /* ProgressSpinnerViewController.swift */ = {isa = PBXFileReference; lastKnownFileType = sourcecode.swift; path = ProgressSpinnerViewController.swift; sourceTree = "<group>"; };
		D849DB9C2AFDB9D900270513 /* ProgressSpinnerDelegate.swift */ = {isa = PBXFileReference; lastKnownFileType = sourcecode.swift; path = ProgressSpinnerDelegate.swift; sourceTree = "<group>"; };
		D8F49DFD2AFC5442000F763C /* Message App.app */ = {isa = PBXFileReference; explicitFileType = wrapper.application; includeInIndex = 0; path = "Message App.app"; sourceTree = BUILT_PRODUCTS_DIR; };
		D8F49E002AFC5442000F763C /* AppDelegate.swift */ = {isa = PBXFileReference; lastKnownFileType = sourcecode.swift; path = AppDelegate.swift; sourceTree = "<group>"; };
		D8F49E022AFC5442000F763C /* SceneDelegate.swift */ = {isa = PBXFileReference; lastKnownFileType = sourcecode.swift; path = SceneDelegate.swift; sourceTree = "<group>"; };
		D8F49E042AFC5442000F763C /* ViewController.swift */ = {isa = PBXFileReference; lastKnownFileType = sourcecode.swift; path = ViewController.swift; sourceTree = "<group>"; };
		D8F49E072AFC5442000F763C /* Base */ = {isa = PBXFileReference; lastKnownFileType = file.storyboard; name = Base; path = Base.lproj/Main.storyboard; sourceTree = "<group>"; };
		D8F49E092AFC5445000F763C /* Assets.xcassets */ = {isa = PBXFileReference; lastKnownFileType = folder.assetcatalog; path = Assets.xcassets; sourceTree = "<group>"; };
		D8F49E0C2AFC5445000F763C /* Base */ = {isa = PBXFileReference; lastKnownFileType = file.storyboard; name = Base; path = Base.lproj/LaunchScreen.storyboard; sourceTree = "<group>"; };
		D8F49E0E2AFC5445000F763C /* Info.plist */ = {isa = PBXFileReference; lastKnownFileType = text.plist.xml; path = Info.plist; sourceTree = "<group>"; };
		D8F49E152AFC556B000F763C /* MainScreenView.swift */ = {isa = PBXFileReference; lastKnownFileType = sourcecode.swift; path = MainScreenView.swift; sourceTree = "<group>"; };
		D8F49E182AFC59D7000F763C /* GoogleService-Info.plist */ = {isa = PBXFileReference; fileEncoding = 4; lastKnownFileType = text.plist.xml; path = "GoogleService-Info.plist"; sourceTree = "<group>"; };
/* End PBXFileReference section */

/* Begin PBXFrameworksBuildPhase section */
		D8F49DFA2AFC5442000F763C /* Frameworks */ = {
			isa = PBXFrameworksBuildPhase;
			buildActionMask = 2147483647;
			files = (
				D8F49E2E2AFC6459000F763C /* FirebaseDatabase in Frameworks */,
				D8F49E3C2AFC6459000F763C /* FirebaseFunctionsCombine-Community in Frameworks */,
				D8F49E342AFC6459000F763C /* FirebaseFirestore in Frameworks */,
				D8F49E202AFC6459000F763C /* FirebaseAnalyticsSwift in Frameworks */,
				D8F49E1C2AFC6459000F763C /* FirebaseAnalytics in Frameworks */,
				D8F49E1E2AFC6459000F763C /* FirebaseAnalyticsOnDeviceConversion in Frameworks */,
				D8F49E442AFC6459000F763C /* FirebaseMLModelDownloader in Frameworks */,
				D8F49E382AFC6459000F763C /* FirebaseFirestoreSwift in Frameworks */,
				D8F49E242AFC6459000F763C /* FirebaseAppCheck in Frameworks */,
				D8F49E222AFC6459000F763C /* FirebaseAnalyticsWithoutAdIdSupport in Frameworks */,
				D8F49E282AFC6459000F763C /* FirebaseAuth in Frameworks */,
				D8F49E2C2AFC6459000F763C /* FirebaseCrashlytics in Frameworks */,
				D8F49E4C2AFC6459000F763C /* FirebaseRemoteConfigSwift in Frameworks */,
				D8F49E3E2AFC6459000F763C /* FirebaseInAppMessaging-Beta in Frameworks */,
				D8F49E302AFC6459000F763C /* FirebaseDatabaseSwift in Frameworks */,
				D8F49E3A2AFC6459000F763C /* FirebaseFunctions in Frameworks */,
				D8F49E502AFC6459000F763C /* FirebaseStorageCombine-Community in Frameworks */,
				D8F49E4A2AFC6459000F763C /* FirebaseRemoteConfig in Frameworks */,
				D8F49E262AFC6459000F763C /* FirebaseAppDistribution-Beta in Frameworks */,
				D8F49E2A2AFC6459000F763C /* FirebaseAuthCombine-Community in Frameworks */,
				D8F49E482AFC6459000F763C /* FirebasePerformance in Frameworks */,
				D8F49E402AFC6459000F763C /* FirebaseInAppMessagingSwift-Beta in Frameworks */,
				D8F49E4E2AFC6459000F763C /* FirebaseStorage in Frameworks */,
				D8F49E322AFC6459000F763C /* FirebaseDynamicLinks in Frameworks */,
				D8F49E362AFC6459000F763C /* FirebaseFirestoreCombine-Community in Frameworks */,
				D8F49E462AFC6459000F763C /* FirebaseMessaging in Frameworks */,
				D8F49E422AFC6459000F763C /* FirebaseInstallations in Frameworks */,
			);
			runOnlyForDeploymentPostprocessing = 0;
		};
/* End PBXFrameworksBuildPhase section */

/* Begin PBXGroup section */
		50EFA1C02AFDD122001625A6 /* Create Account */ = {
			isa = PBXGroup;
			children = (
				50EFA1C12AFDD169001625A6 /* CreateAccountViewController.swift */,
				50EFA1C32AFDD17F001625A6 /* CreateAccountScreenView.swift */,
			);
			path = "Create Account";
			sourceTree = "<group>";
		};
		D849DB942AFDA94700270513 /* Data Models */ = {
			isa = PBXGroup;
			children = (
				D849DB922AFDA94100270513 /* User.swift */,
			);
			path = "Data Models";
			sourceTree = "<group>";
		};
		D849DB992AFDB82A00270513 /* Chat Screen */ = {
			isa = PBXGroup;
			children = (
				D849DB972AFDB82500270513 /* ChatViewController.swift */,
				D849DB952AFDB80400270513 /* ChatView.swift */,
			);
			path = "Chat Screen";
			sourceTree = "<group>";
		};
		D849DB9E2AFDB9E800270513 /* Progress Indicator */ = {
			isa = PBXGroup;
			children = (
				D849DB9A2AFDB9A700270513 /* ProgressSpinnerViewController.swift */,
				D849DB9C2AFDB9D900270513 /* ProgressSpinnerDelegate.swift */,
			);
			path = "Progress Indicator";
			sourceTree = "<group>";
		};
		D8F49DF42AFC5442000F763C = {
			isa = PBXGroup;
			children = (
				D8F49DFF2AFC5442000F763C /* Message App */,
				D8F49DFE2AFC5442000F763C /* Products */,
			);
			sourceTree = "<group>";
		};
		D8F49DFE2AFC5442000F763C /* Products */ = {
			isa = PBXGroup;
			children = (
				D8F49DFD2AFC5442000F763C /* Message App.app */,
			);
			name = Products;
			sourceTree = "<group>";
		};
		D8F49DFF2AFC5442000F763C /* Message App */ = {
			isa = PBXGroup;
			children = (
				D8F49E002AFC5442000F763C /* AppDelegate.swift */,
				D8F49E022AFC5442000F763C /* SceneDelegate.swift */,
				D849DB9E2AFDB9E800270513 /* Progress Indicator */,
				D8F49E142AFC5553000F763C /* Main Screen */,
				50EFA1C02AFDD122001625A6 /* Create Account */,
				D8F49E062AFC5442000F763C /* Main.storyboard */,
				D8F49E092AFC5445000F763C /* Assets.xcassets */,
				D8F49E0B2AFC5445000F763C /* LaunchScreen.storyboard */,
				D8F49E0E2AFC5445000F763C /* Info.plist */,
				D8F49E182AFC59D7000F763C /* GoogleService-Info.plist */,
				D849DB992AFDB82A00270513 /* Chat Screen */,
				D849DB942AFDA94700270513 /* Data Models */,
			);
			path = "Message App";
			sourceTree = "<group>";
		};
		D8F49E142AFC5553000F763C /* Main Screen */ = {
			isa = PBXGroup;
			children = (
				D8F49E042AFC5442000F763C /* ViewController.swift */,
				D8F49E172AFC557B000F763C /* Views */,
			);
			path = "Main Screen";
			sourceTree = "<group>";
		};
		D8F49E172AFC557B000F763C /* Views */ = {
			isa = PBXGroup;
			children = (
				D8F49E152AFC556B000F763C /* MainScreenView.swift */,
			);
			path = Views;
			sourceTree = "<group>";
		};
/* End PBXGroup section */

/* Begin PBXNativeTarget section */
		D8F49DFC2AFC5442000F763C /* Message App */ = {
			isa = PBXNativeTarget;
			buildConfigurationList = D8F49E112AFC5445000F763C /* Build configuration list for PBXNativeTarget "Message App" */;
			buildPhases = (
				D8F49DF92AFC5442000F763C /* Sources */,
				D8F49DFA2AFC5442000F763C /* Frameworks */,
				D8F49DFB2AFC5442000F763C /* Resources */,
			);
			buildRules = (
			);
			dependencies = (
			);
			name = "Message App";
			packageProductDependencies = (
				D8F49E1B2AFC6459000F763C /* FirebaseAnalytics */,
				D8F49E1D2AFC6459000F763C /* FirebaseAnalyticsOnDeviceConversion */,
				D8F49E1F2AFC6459000F763C /* FirebaseAnalyticsSwift */,
				D8F49E212AFC6459000F763C /* FirebaseAnalyticsWithoutAdIdSupport */,
				D8F49E232AFC6459000F763C /* FirebaseAppCheck */,
				D8F49E252AFC6459000F763C /* FirebaseAppDistribution-Beta */,
				D8F49E272AFC6459000F763C /* FirebaseAuth */,
				D8F49E292AFC6459000F763C /* FirebaseAuthCombine-Community */,
				D8F49E2B2AFC6459000F763C /* FirebaseCrashlytics */,
				D8F49E2D2AFC6459000F763C /* FirebaseDatabase */,
				D8F49E2F2AFC6459000F763C /* FirebaseDatabaseSwift */,
				D8F49E312AFC6459000F763C /* FirebaseDynamicLinks */,
				D8F49E332AFC6459000F763C /* FirebaseFirestore */,
				D8F49E352AFC6459000F763C /* FirebaseFirestoreCombine-Community */,
				D8F49E372AFC6459000F763C /* FirebaseFirestoreSwift */,
				D8F49E392AFC6459000F763C /* FirebaseFunctions */,
				D8F49E3B2AFC6459000F763C /* FirebaseFunctionsCombine-Community */,
				D8F49E3D2AFC6459000F763C /* FirebaseInAppMessaging-Beta */,
				D8F49E3F2AFC6459000F763C /* FirebaseInAppMessagingSwift-Beta */,
				D8F49E412AFC6459000F763C /* FirebaseInstallations */,
				D8F49E432AFC6459000F763C /* FirebaseMLModelDownloader */,
				D8F49E452AFC6459000F763C /* FirebaseMessaging */,
				D8F49E472AFC6459000F763C /* FirebasePerformance */,
				D8F49E492AFC6459000F763C /* FirebaseRemoteConfig */,
				D8F49E4B2AFC6459000F763C /* FirebaseRemoteConfigSwift */,
				D8F49E4D2AFC6459000F763C /* FirebaseStorage */,
				D8F49E4F2AFC6459000F763C /* FirebaseStorageCombine-Community */,
			);
			productName = "Message App";
			productReference = D8F49DFD2AFC5442000F763C /* Message App.app */;
			productType = "com.apple.product-type.application";
		};
/* End PBXNativeTarget section */

/* Begin PBXProject section */
		D8F49DF52AFC5442000F763C /* Project object */ = {
			isa = PBXProject;
			attributes = {
				BuildIndependentTargetsInParallel = 1;
				LastSwiftUpdateCheck = 1500;
				LastUpgradeCheck = 1500;
				TargetAttributes = {
					D8F49DFC2AFC5442000F763C = {
						CreatedOnToolsVersion = 15.0.1;
					};
				};
			};
			buildConfigurationList = D8F49DF82AFC5442000F763C /* Build configuration list for PBXProject "Message App" */;
			compatibilityVersion = "Xcode 14.0";
			developmentRegion = en;
			hasScannedForEncodings = 0;
			knownRegions = (
				en,
				Base,
			);
			mainGroup = D8F49DF42AFC5442000F763C;
			packageReferences = (
				D8F49E1A2AFC6459000F763C /* XCRemoteSwiftPackageReference "firebase-ios-sdk" */,
			);
			productRefGroup = D8F49DFE2AFC5442000F763C /* Products */;
			projectDirPath = "";
			projectRoot = "";
			targets = (
				D8F49DFC2AFC5442000F763C /* Message App */,
			);
		};
/* End PBXProject section */

/* Begin PBXResourcesBuildPhase section */
		D8F49DFB2AFC5442000F763C /* Resources */ = {
			isa = PBXResourcesBuildPhase;
			buildActionMask = 2147483647;
			files = (
				D8F49E0D2AFC5445000F763C /* LaunchScreen.storyboard in Resources */,
				D8F49E192AFC59D7000F763C /* GoogleService-Info.plist in Resources */,
				D8F49E0A2AFC5445000F763C /* Assets.xcassets in Resources */,
				D8F49E082AFC5442000F763C /* Main.storyboard in Resources */,
			);
			runOnlyForDeploymentPostprocessing = 0;
		};
/* End PBXResourcesBuildPhase section */

/* Begin PBXSourcesBuildPhase section */
		D8F49DF92AFC5442000F763C /* Sources */ = {
			isa = PBXSourcesBuildPhase;
			buildActionMask = 2147483647;
			files = (
				50EFA1C22AFDD16A001625A6 /* CreateAccountViewController.swift in Sources */,
				50EFA1C42AFDD17F001625A6 /* CreateAccountScreenView.swift in Sources */,
				D849DB982AFDB82500270513 /* ChatViewController.swift in Sources */,
				D849DB9B2AFDB9A700270513 /* ProgressSpinnerViewController.swift in Sources */,
				D8F49E052AFC5442000F763C /* ViewController.swift in Sources */,
				D849DB962AFDB80400270513 /* ChatView.swift in Sources */,
				D8F49E012AFC5442000F763C /* AppDelegate.swift in Sources */,
				D8F49E032AFC5442000F763C /* SceneDelegate.swift in Sources */,
				D849DB932AFDA94100270513 /* User.swift in Sources */,
				D849DB9D2AFDB9D900270513 /* ProgressSpinnerDelegate.swift in Sources */,
				D8F49E162AFC556B000F763C /* MainScreenView.swift in Sources */,
			);
			runOnlyForDeploymentPostprocessing = 0;
		};
/* End PBXSourcesBuildPhase section */

/* Begin PBXVariantGroup section */
		D8F49E062AFC5442000F763C /* Main.storyboard */ = {
			isa = PBXVariantGroup;
			children = (
				D8F49E072AFC5442000F763C /* Base */,
			);
			name = Main.storyboard;
			sourceTree = "<group>";
		};
		D8F49E0B2AFC5445000F763C /* LaunchScreen.storyboard */ = {
			isa = PBXVariantGroup;
			children = (
				D8F49E0C2AFC5445000F763C /* Base */,
			);
			name = LaunchScreen.storyboard;
			sourceTree = "<group>";
		};
/* End PBXVariantGroup section */

/* Begin XCBuildConfiguration section */
		D8F49E0F2AFC5445000F763C /* Debug */ = {
			isa = XCBuildConfiguration;
			buildSettings = {
				ALWAYS_SEARCH_USER_PATHS = NO;
				ASSETCATALOG_COMPILER_GENERATE_SWIFT_ASSET_SYMBOL_EXTENSIONS = YES;
				CLANG_ANALYZER_NONNULL = YES;
				CLANG_ANALYZER_NUMBER_OBJECT_CONVERSION = YES_AGGRESSIVE;
				CLANG_CXX_LANGUAGE_STANDARD = "gnu++20";
				CLANG_ENABLE_MODULES = YES;
				CLANG_ENABLE_OBJC_ARC = YES;
				CLANG_ENABLE_OBJC_WEAK = YES;
				CLANG_WARN_BLOCK_CAPTURE_AUTORELEASING = YES;
				CLANG_WARN_BOOL_CONVERSION = YES;
				CLANG_WARN_COMMA = YES;
				CLANG_WARN_CONSTANT_CONVERSION = YES;
				CLANG_WARN_DEPRECATED_OBJC_IMPLEMENTATIONS = YES;
				CLANG_WARN_DIRECT_OBJC_ISA_USAGE = YES_ERROR;
				CLANG_WARN_DOCUMENTATION_COMMENTS = YES;
				CLANG_WARN_EMPTY_BODY = YES;
				CLANG_WARN_ENUM_CONVERSION = YES;
				CLANG_WARN_INFINITE_RECURSION = YES;
				CLANG_WARN_INT_CONVERSION = YES;
				CLANG_WARN_NON_LITERAL_NULL_CONVERSION = YES;
				CLANG_WARN_OBJC_IMPLICIT_RETAIN_SELF = YES;
				CLANG_WARN_OBJC_LITERAL_CONVERSION = YES;
				CLANG_WARN_OBJC_ROOT_CLASS = YES_ERROR;
				CLANG_WARN_QUOTED_INCLUDE_IN_FRAMEWORK_HEADER = YES;
				CLANG_WARN_RANGE_LOOP_ANALYSIS = YES;
				CLANG_WARN_STRICT_PROTOTYPES = YES;
				CLANG_WARN_SUSPICIOUS_MOVE = YES;
				CLANG_WARN_UNGUARDED_AVAILABILITY = YES_AGGRESSIVE;
				CLANG_WARN_UNREACHABLE_CODE = YES;
				CLANG_WARN__DUPLICATE_METHOD_MATCH = YES;
				COPY_PHASE_STRIP = NO;
				DEBUG_INFORMATION_FORMAT = dwarf;
				ENABLE_STRICT_OBJC_MSGSEND = YES;
				ENABLE_TESTABILITY = YES;
				ENABLE_USER_SCRIPT_SANDBOXING = YES;
				GCC_C_LANGUAGE_STANDARD = gnu17;
				GCC_DYNAMIC_NO_PIC = NO;
				GCC_NO_COMMON_BLOCKS = YES;
				GCC_OPTIMIZATION_LEVEL = 0;
				GCC_PREPROCESSOR_DEFINITIONS = (
					"DEBUG=1",
					"$(inherited)",
				);
				GCC_WARN_64_TO_32_BIT_CONVERSION = YES;
				GCC_WARN_ABOUT_RETURN_TYPE = YES_ERROR;
				GCC_WARN_UNDECLARED_SELECTOR = YES;
				GCC_WARN_UNINITIALIZED_AUTOS = YES_AGGRESSIVE;
				GCC_WARN_UNUSED_FUNCTION = YES;
				GCC_WARN_UNUSED_VARIABLE = YES;
				IPHONEOS_DEPLOYMENT_TARGET = 17.0;
				LOCALIZATION_PREFERS_STRING_CATALOGS = YES;
				MTL_ENABLE_DEBUG_INFO = INCLUDE_SOURCE;
				MTL_FAST_MATH = YES;
				ONLY_ACTIVE_ARCH = YES;
				SDKROOT = iphoneos;
				SWIFT_ACTIVE_COMPILATION_CONDITIONS = "DEBUG $(inherited)";
				SWIFT_OPTIMIZATION_LEVEL = "-Onone";
			};
			name = Debug;
		};
		D8F49E102AFC5445000F763C /* Release */ = {
			isa = XCBuildConfiguration;
			buildSettings = {
				ALWAYS_SEARCH_USER_PATHS = NO;
				ASSETCATALOG_COMPILER_GENERATE_SWIFT_ASSET_SYMBOL_EXTENSIONS = YES;
				CLANG_ANALYZER_NONNULL = YES;
				CLANG_ANALYZER_NUMBER_OBJECT_CONVERSION = YES_AGGRESSIVE;
				CLANG_CXX_LANGUAGE_STANDARD = "gnu++20";
				CLANG_ENABLE_MODULES = YES;
				CLANG_ENABLE_OBJC_ARC = YES;
				CLANG_ENABLE_OBJC_WEAK = YES;
				CLANG_WARN_BLOCK_CAPTURE_AUTORELEASING = YES;
				CLANG_WARN_BOOL_CONVERSION = YES;
				CLANG_WARN_COMMA = YES;
				CLANG_WARN_CONSTANT_CONVERSION = YES;
				CLANG_WARN_DEPRECATED_OBJC_IMPLEMENTATIONS = YES;
				CLANG_WARN_DIRECT_OBJC_ISA_USAGE = YES_ERROR;
				CLANG_WARN_DOCUMENTATION_COMMENTS = YES;
				CLANG_WARN_EMPTY_BODY = YES;
				CLANG_WARN_ENUM_CONVERSION = YES;
				CLANG_WARN_INFINITE_RECURSION = YES;
				CLANG_WARN_INT_CONVERSION = YES;
				CLANG_WARN_NON_LITERAL_NULL_CONVERSION = YES;
				CLANG_WARN_OBJC_IMPLICIT_RETAIN_SELF = YES;
				CLANG_WARN_OBJC_LITERAL_CONVERSION = YES;
				CLANG_WARN_OBJC_ROOT_CLASS = YES_ERROR;
				CLANG_WARN_QUOTED_INCLUDE_IN_FRAMEWORK_HEADER = YES;
				CLANG_WARN_RANGE_LOOP_ANALYSIS = YES;
				CLANG_WARN_STRICT_PROTOTYPES = YES;
				CLANG_WARN_SUSPICIOUS_MOVE = YES;
				CLANG_WARN_UNGUARDED_AVAILABILITY = YES_AGGRESSIVE;
				CLANG_WARN_UNREACHABLE_CODE = YES;
				CLANG_WARN__DUPLICATE_METHOD_MATCH = YES;
				COPY_PHASE_STRIP = NO;
				DEBUG_INFORMATION_FORMAT = "dwarf-with-dsym";
				ENABLE_NS_ASSERTIONS = NO;
				ENABLE_STRICT_OBJC_MSGSEND = YES;
				ENABLE_USER_SCRIPT_SANDBOXING = YES;
				GCC_C_LANGUAGE_STANDARD = gnu17;
				GCC_NO_COMMON_BLOCKS = YES;
				GCC_WARN_64_TO_32_BIT_CONVERSION = YES;
				GCC_WARN_ABOUT_RETURN_TYPE = YES_ERROR;
				GCC_WARN_UNDECLARED_SELECTOR = YES;
				GCC_WARN_UNINITIALIZED_AUTOS = YES_AGGRESSIVE;
				GCC_WARN_UNUSED_FUNCTION = YES;
				GCC_WARN_UNUSED_VARIABLE = YES;
				IPHONEOS_DEPLOYMENT_TARGET = 17.0;
				LOCALIZATION_PREFERS_STRING_CATALOGS = YES;
				MTL_ENABLE_DEBUG_INFO = NO;
				MTL_FAST_MATH = YES;
				SDKROOT = iphoneos;
				SWIFT_COMPILATION_MODE = wholemodule;
				VALIDATE_PRODUCT = YES;
			};
			name = Release;
		};
		D8F49E122AFC5445000F763C /* Debug */ = {
			isa = XCBuildConfiguration;
			buildSettings = {
				ASSETCATALOG_COMPILER_APPICON_NAME = AppIcon;
				ASSETCATALOG_COMPILER_GLOBAL_ACCENT_COLOR_NAME = AccentColor;
				CODE_SIGN_STYLE = Automatic;
				CURRENT_PROJECT_VERSION = 1;
				DEVELOPMENT_TEAM = 83B7VGLYTJ;
				GENERATE_INFOPLIST_FILE = YES;
				INFOPLIST_FILE = "Message App/Info.plist";
				INFOPLIST_KEY_UIApplicationSupportsIndirectInputEvents = YES;
				INFOPLIST_KEY_UILaunchStoryboardName = LaunchScreen;
				INFOPLIST_KEY_UIMainStoryboardFile = Main;
				INFOPLIST_KEY_UISupportedInterfaceOrientations_iPad = "UIInterfaceOrientationPortrait UIInterfaceOrientationPortraitUpsideDown UIInterfaceOrientationLandscapeLeft UIInterfaceOrientationLandscapeRight";
				INFOPLIST_KEY_UISupportedInterfaceOrientations_iPhone = "UIInterfaceOrientationPortrait UIInterfaceOrientationLandscapeLeft UIInterfaceOrientationLandscapeRight";
				IPHONEOS_DEPLOYMENT_TARGET = 16.4;
				LD_RUNPATH_SEARCH_PATHS = (
					"$(inherited)",
					"@executable_path/Frameworks",
				);
				MARKETING_VERSION = 1.0;
				PRODUCT_BUNDLE_IDENTIFIER = "com.nuios.Message-App";
				PRODUCT_NAME = "$(TARGET_NAME)";
				SWIFT_EMIT_LOC_STRINGS = YES;
				SWIFT_VERSION = 5.0;
				TARGETED_DEVICE_FAMILY = "1,2";
			};
			name = Debug;
		};
		D8F49E132AFC5445000F763C /* Release */ = {
			isa = XCBuildConfiguration;
			buildSettings = {
				ASSETCATALOG_COMPILER_APPICON_NAME = AppIcon;
				ASSETCATALOG_COMPILER_GLOBAL_ACCENT_COLOR_NAME = AccentColor;
				CODE_SIGN_STYLE = Automatic;
				CURRENT_PROJECT_VERSION = 1;
				DEVELOPMENT_TEAM = 83B7VGLYTJ;
				GENERATE_INFOPLIST_FILE = YES;
				INFOPLIST_FILE = "Message App/Info.plist";
				INFOPLIST_KEY_UIApplicationSupportsIndirectInputEvents = YES;
				INFOPLIST_KEY_UILaunchStoryboardName = LaunchScreen;
				INFOPLIST_KEY_UIMainStoryboardFile = Main;
				INFOPLIST_KEY_UISupportedInterfaceOrientations_iPad = "UIInterfaceOrientationPortrait UIInterfaceOrientationPortraitUpsideDown UIInterfaceOrientationLandscapeLeft UIInterfaceOrientationLandscapeRight";
				INFOPLIST_KEY_UISupportedInterfaceOrientations_iPhone = "UIInterfaceOrientationPortrait UIInterfaceOrientationLandscapeLeft UIInterfaceOrientationLandscapeRight";
				IPHONEOS_DEPLOYMENT_TARGET = 16.4;
				LD_RUNPATH_SEARCH_PATHS = (
					"$(inherited)",
					"@executable_path/Frameworks",
				);
				MARKETING_VERSION = 1.0;
				PRODUCT_BUNDLE_IDENTIFIER = "com.nuios.Message-App";
				PRODUCT_NAME = "$(TARGET_NAME)";
				SWIFT_EMIT_LOC_STRINGS = YES;
				SWIFT_VERSION = 5.0;
				TARGETED_DEVICE_FAMILY = "1,2";
			};
			name = Release;
		};
/* End XCBuildConfiguration section */

/* Begin XCConfigurationList section */
		D8F49DF82AFC5442000F763C /* Build configuration list for PBXProject "Message App" */ = {
			isa = XCConfigurationList;
			buildConfigurations = (
				D8F49E0F2AFC5445000F763C /* Debug */,
				D8F49E102AFC5445000F763C /* Release */,
			);
			defaultConfigurationIsVisible = 0;
			defaultConfigurationName = Release;
		};
		D8F49E112AFC5445000F763C /* Build configuration list for PBXNativeTarget "Message App" */ = {
			isa = XCConfigurationList;
			buildConfigurations = (
				D8F49E122AFC5445000F763C /* Debug */,
				D8F49E132AFC5445000F763C /* Release */,
			);
			defaultConfigurationIsVisible = 0;
			defaultConfigurationName = Release;
		};
/* End XCConfigurationList section */

/* Begin XCRemoteSwiftPackageReference section */
		D8F49E1A2AFC6459000F763C /* XCRemoteSwiftPackageReference "firebase-ios-sdk" */ = {
			isa = XCRemoteSwiftPackageReference;
			repositoryURL = "https://github.com/firebase/firebase-ios-sdk";
			requirement = {
				kind = upToNextMajorVersion;
				minimumVersion = 10.17.0;
			};
		};
/* End XCRemoteSwiftPackageReference section */

/* Begin XCSwiftPackageProductDependency section */
		D8F49E1B2AFC6459000F763C /* FirebaseAnalytics */ = {
			isa = XCSwiftPackageProductDependency;
			package = D8F49E1A2AFC6459000F763C /* XCRemoteSwiftPackageReference "firebase-ios-sdk" */;
			productName = FirebaseAnalytics;
		};
		D8F49E1D2AFC6459000F763C /* FirebaseAnalyticsOnDeviceConversion */ = {
			isa = XCSwiftPackageProductDependency;
			package = D8F49E1A2AFC6459000F763C /* XCRemoteSwiftPackageReference "firebase-ios-sdk" */;
			productName = FirebaseAnalyticsOnDeviceConversion;
		};
		D8F49E1F2AFC6459000F763C /* FirebaseAnalyticsSwift */ = {
			isa = XCSwiftPackageProductDependency;
			package = D8F49E1A2AFC6459000F763C /* XCRemoteSwiftPackageReference "firebase-ios-sdk" */;
			productName = FirebaseAnalyticsSwift;
		};
		D8F49E212AFC6459000F763C /* FirebaseAnalyticsWithoutAdIdSupport */ = {
			isa = XCSwiftPackageProductDependency;
			package = D8F49E1A2AFC6459000F763C /* XCRemoteSwiftPackageReference "firebase-ios-sdk" */;
			productName = FirebaseAnalyticsWithoutAdIdSupport;
		};
		D8F49E232AFC6459000F763C /* FirebaseAppCheck */ = {
			isa = XCSwiftPackageProductDependency;
			package = D8F49E1A2AFC6459000F763C /* XCRemoteSwiftPackageReference "firebase-ios-sdk" */;
			productName = FirebaseAppCheck;
		};
		D8F49E252AFC6459000F763C /* FirebaseAppDistribution-Beta */ = {
			isa = XCSwiftPackageProductDependency;
			package = D8F49E1A2AFC6459000F763C /* XCRemoteSwiftPackageReference "firebase-ios-sdk" */;
			productName = "FirebaseAppDistribution-Beta";
		};
		D8F49E272AFC6459000F763C /* FirebaseAuth */ = {
			isa = XCSwiftPackageProductDependency;
			package = D8F49E1A2AFC6459000F763C /* XCRemoteSwiftPackageReference "firebase-ios-sdk" */;
			productName = FirebaseAuth;
		};
		D8F49E292AFC6459000F763C /* FirebaseAuthCombine-Community */ = {
			isa = XCSwiftPackageProductDependency;
			package = D8F49E1A2AFC6459000F763C /* XCRemoteSwiftPackageReference "firebase-ios-sdk" */;
			productName = "FirebaseAuthCombine-Community";
		};
		D8F49E2B2AFC6459000F763C /* FirebaseCrashlytics */ = {
			isa = XCSwiftPackageProductDependency;
			package = D8F49E1A2AFC6459000F763C /* XCRemoteSwiftPackageReference "firebase-ios-sdk" */;
			productName = FirebaseCrashlytics;
		};
		D8F49E2D2AFC6459000F763C /* FirebaseDatabase */ = {
			isa = XCSwiftPackageProductDependency;
			package = D8F49E1A2AFC6459000F763C /* XCRemoteSwiftPackageReference "firebase-ios-sdk" */;
			productName = FirebaseDatabase;
		};
		D8F49E2F2AFC6459000F763C /* FirebaseDatabaseSwift */ = {
			isa = XCSwiftPackageProductDependency;
			package = D8F49E1A2AFC6459000F763C /* XCRemoteSwiftPackageReference "firebase-ios-sdk" */;
			productName = FirebaseDatabaseSwift;
		};
		D8F49E312AFC6459000F763C /* FirebaseDynamicLinks */ = {
			isa = XCSwiftPackageProductDependency;
			package = D8F49E1A2AFC6459000F763C /* XCRemoteSwiftPackageReference "firebase-ios-sdk" */;
			productName = FirebaseDynamicLinks;
		};
		D8F49E332AFC6459000F763C /* FirebaseFirestore */ = {
			isa = XCSwiftPackageProductDependency;
			package = D8F49E1A2AFC6459000F763C /* XCRemoteSwiftPackageReference "firebase-ios-sdk" */;
			productName = FirebaseFirestore;
		};
		D8F49E352AFC6459000F763C /* FirebaseFirestoreCombine-Community */ = {
			isa = XCSwiftPackageProductDependency;
			package = D8F49E1A2AFC6459000F763C /* XCRemoteSwiftPackageReference "firebase-ios-sdk" */;
			productName = "FirebaseFirestoreCombine-Community";
		};
		D8F49E372AFC6459000F763C /* FirebaseFirestoreSwift */ = {
			isa = XCSwiftPackageProductDependency;
			package = D8F49E1A2AFC6459000F763C /* XCRemoteSwiftPackageReference "firebase-ios-sdk" */;
			productName = FirebaseFirestoreSwift;
		};
		D8F49E392AFC6459000F763C /* FirebaseFunctions */ = {
			isa = XCSwiftPackageProductDependency;
			package = D8F49E1A2AFC6459000F763C /* XCRemoteSwiftPackageReference "firebase-ios-sdk" */;
			productName = FirebaseFunctions;
		};
		D8F49E3B2AFC6459000F763C /* FirebaseFunctionsCombine-Community */ = {
			isa = XCSwiftPackageProductDependency;
			package = D8F49E1A2AFC6459000F763C /* XCRemoteSwiftPackageReference "firebase-ios-sdk" */;
			productName = "FirebaseFunctionsCombine-Community";
		};
		D8F49E3D2AFC6459000F763C /* FirebaseInAppMessaging-Beta */ = {
			isa = XCSwiftPackageProductDependency;
			package = D8F49E1A2AFC6459000F763C /* XCRemoteSwiftPackageReference "firebase-ios-sdk" */;
			productName = "FirebaseInAppMessaging-Beta";
		};
		D8F49E3F2AFC6459000F763C /* FirebaseInAppMessagingSwift-Beta */ = {
			isa = XCSwiftPackageProductDependency;
			package = D8F49E1A2AFC6459000F763C /* XCRemoteSwiftPackageReference "firebase-ios-sdk" */;
			productName = "FirebaseInAppMessagingSwift-Beta";
		};
		D8F49E412AFC6459000F763C /* FirebaseInstallations */ = {
			isa = XCSwiftPackageProductDependency;
			package = D8F49E1A2AFC6459000F763C /* XCRemoteSwiftPackageReference "firebase-ios-sdk" */;
			productName = FirebaseInstallations;
		};
		D8F49E432AFC6459000F763C /* FirebaseMLModelDownloader */ = {
			isa = XCSwiftPackageProductDependency;
			package = D8F49E1A2AFC6459000F763C /* XCRemoteSwiftPackageReference "firebase-ios-sdk" */;
			productName = FirebaseMLModelDownloader;
		};
		D8F49E452AFC6459000F763C /* FirebaseMessaging */ = {
			isa = XCSwiftPackageProductDependency;
			package = D8F49E1A2AFC6459000F763C /* XCRemoteSwiftPackageReference "firebase-ios-sdk" */;
			productName = FirebaseMessaging;
		};
		D8F49E472AFC6459000F763C /* FirebasePerformance */ = {
			isa = XCSwiftPackageProductDependency;
			package = D8F49E1A2AFC6459000F763C /* XCRemoteSwiftPackageReference "firebase-ios-sdk" */;
			productName = FirebasePerformance;
		};
		D8F49E492AFC6459000F763C /* FirebaseRemoteConfig */ = {
			isa = XCSwiftPackageProductDependency;
			package = D8F49E1A2AFC6459000F763C /* XCRemoteSwiftPackageReference "firebase-ios-sdk" */;
			productName = FirebaseRemoteConfig;
		};
		D8F49E4B2AFC6459000F763C /* FirebaseRemoteConfigSwift */ = {
			isa = XCSwiftPackageProductDependency;
			package = D8F49E1A2AFC6459000F763C /* XCRemoteSwiftPackageReference "firebase-ios-sdk" */;
			productName = FirebaseRemoteConfigSwift;
		};
		D8F49E4D2AFC6459000F763C /* FirebaseStorage */ = {
			isa = XCSwiftPackageProductDependency;
			package = D8F49E1A2AFC6459000F763C /* XCRemoteSwiftPackageReference "firebase-ios-sdk" */;
			productName = FirebaseStorage;
		};
		D8F49E4F2AFC6459000F763C /* FirebaseStorageCombine-Community */ = {
			isa = XCSwiftPackageProductDependency;
			package = D8F49E1A2AFC6459000F763C /* XCRemoteSwiftPackageReference "firebase-ios-sdk" */;
			productName = "FirebaseStorageCombine-Community";
		};
/* End XCSwiftPackageProductDependency section */
	};
	rootObject = D8F49DF52AFC5442000F763C /* Project object */;
}
